
Microsoft Visual Studio Solution File, Format Version 12.00
# Visual Studio Version 17
VisualStudioVersion = 17.10.35027.167
MinimumVisualStudioVersion = 10.0.40219.1
Project("{9A19103F-16F7-4668-BE54-9A1E7A4F7556}") = "Proyecto Salvacion", "Proyecto Salvacion\Proyecto Salvacion.csproj", "{1F73AD5A-F7A9-47ED-B0FD-93789A86B350}"
EndProject
Project("{2150E333-8FDC-42A3-9474-1A3956D46DE8}") = "Diagrama", "Diagrama", "{68B1F7B6-B441-4528-AD03-70B78CBC6B7C}"
	ProjectSection(SolutionItems) = preProject
		diagrama.puml = diagrama.puml
	EndProjectSection
EndProject
Global
	GlobalSection(SolutionConfigurationPlatforms) = preSolution
		Debug|Any CPU = Debug|Any CPU
		Release|Any CPU = Release|Any CPU
	EndGlobalSection
	GlobalSection(ProjectConfigurationPlatforms) = postSolution
		{1F73AD5A-F7A9-47ED-B0FD-93789A86B350}.Debug|Any CPU.ActiveCfg = Debug|Any CPU
		{1F73AD5A-F7A9-47ED-B0FD-93789A86B350}.Debug|Any CPU.Build.0 = Debug|Any CPU
		{1F73AD5A-F7A9-47ED-B0FD-93789A86B350}.Release|Any CPU.ActiveCfg = Release|Any CPU
		{1F73AD5A-F7A9-47ED-B0FD-93789A86B350}.Release|Any CPU.Build.0 = Release|Any CPU
	EndGlobalSection
	GlobalSection(SolutionProperties) = preSolution
		HideSolutionNode = FALSE
	EndGlobalSection
	GlobalSection(ExtensibilityGlobals) = postSolution
		SolutionGuid = {EE98A1FD-811F-417A-9CC9-551EA26449F0}
	EndGlobalSection
EndGlobal
